// !$*UTF8*$!
{
	archiveVersion = 1;
	classes = {
	};
	objectVersion = 55;
	objects = {

/* Begin PBXBuildFile section */
		046FEC5427B050BC00024074 /* ContributorDetailVC.swift in Sources */ = {isa = PBXBuildFile; fileRef = 046FEC5327B050BC00024074 /* ContributorDetailVC.swift */; };
		046FEC5627B0511400024074 /* ContributorDetailVC.xib in Resources */ = {isa = PBXBuildFile; fileRef = 046FEC5527B0511400024074 /* ContributorDetailVC.xib */; };
		046FEC5827B051DB00024074 /* ContributorDetailViewModel.swift in Sources */ = {isa = PBXBuildFile; fileRef = 046FEC5727B051DB00024074 /* ContributorDetailViewModel.swift */; };
		04CA8A4827A71C780088C177 /* AppDelegate.swift in Sources */ = {isa = PBXBuildFile; fileRef = 04CA8A4727A71C780088C177 /* AppDelegate.swift */; };
		04CA8A5127A71C7C0088C177 /* Assets.xcassets in Resources */ = {isa = PBXBuildFile; fileRef = 04CA8A5027A71C7C0088C177 /* Assets.xcassets */; };
		04CA8A5427A71C7C0088C177 /* LaunchScreen.storyboard in Resources */ = {isa = PBXBuildFile; fileRef = 04CA8A5227A71C7C0088C177 /* LaunchScreen.storyboard */; };
		04CA8A5E27A7216C0088C177 /* ContributorListVC.swift in Sources */ = {isa = PBXBuildFile; fileRef = 04CA8A5D27A7216C0088C177 /* ContributorListVC.swift */; };
		04CA8A6027A721920088C177 /* ContributorListVC.xib in Resources */ = {isa = PBXBuildFile; fileRef = 04CA8A5F27A721920088C177 /* ContributorListVC.xib */; };
		04CA8A6827A7258D0088C177 /* ContributorService.swift in Sources */ = {isa = PBXBuildFile; fileRef = 04CA8A6727A7258D0088C177 /* ContributorService.swift */; };
		04CA8A6A27A725D70088C177 /* NetworkProvider.swift in Sources */ = {isa = PBXBuildFile; fileRef = 04CA8A6927A725D70088C177 /* NetworkProvider.swift */; };
		04CA8A6D27A726100088C177 /* Config+server.swift in Sources */ = {isa = PBXBuildFile; fileRef = 04CA8A6C27A726100088C177 /* Config+server.swift */; };
		04CA8A7127A726B10088C177 /* ContributorManager.swift in Sources */ = {isa = PBXBuildFile; fileRef = 04CA8A7027A726B10088C177 /* ContributorManager.swift */; };
		04CA8A7427A727970088C177 /* Contributor.swift in Sources */ = {isa = PBXBuildFile; fileRef = 04CA8A7327A727970088C177 /* Contributor.swift */; };
		04CA8A7727A72A0C0088C177 /* ContributorListViewModel.swift in Sources */ = {isa = PBXBuildFile; fileRef = 04CA8A7627A72A0C0088C177 /* ContributorListViewModel.swift */; };
		04CA8A7A27A72A440088C177 /* ContributorListCell.swift in Sources */ = {isa = PBXBuildFile; fileRef = 04CA8A7927A72A440088C177 /* ContributorListCell.swift */; };
		04CA8A7C27A72A6D0088C177 /* ContributorListCell.xib in Resources */ = {isa = PBXBuildFile; fileRef = 04CA8A7B27A72A6D0088C177 /* ContributorListCell.xib */; };
		04CA8A8027A72DBC0088C177 /* BaseTableViewCell.swift in Sources */ = {isa = PBXBuildFile; fileRef = 04CA8A7F27A72DBC0088C177 /* BaseTableViewCell.swift */; };
		04CA8A8327A72DE90088C177 /* NibLoadableViewProtocol.swift in Sources */ = {isa = PBXBuildFile; fileRef = 04CA8A8227A72DE90088C177 /* NibLoadableViewProtocol.swift */; };
		04CA8A8527A72E140088C177 /* ReusableViewProtocol.swift in Sources */ = {isa = PBXBuildFile; fileRef = 04CA8A8427A72E140088C177 /* ReusableViewProtocol.swift */; };
		04CA8A8827A72F500088C177 /* UITableView+register.swift in Sources */ = {isa = PBXBuildFile; fileRef = 04CA8A8727A72F500088C177 /* UITableView+register.swift */; };
		1F5E35E75A2F9FE0FA099A66 /* Pods_vlcContributors.framework in Frameworks */ = {isa = PBXBuildFile; fileRef = CC6967C4DFB9494D35AE1688 /* Pods_vlcContributors.framework */; };
/* End PBXBuildFile section */

/* Begin PBXFileReference section */
		0290F442D60D206EF8C4115B /* Pods-vlcContributors.debug.xcconfig */ = {isa = PBXFileReference; includeInIndex = 1; lastKnownFileType = text.xcconfig; name = "Pods-vlcContributors.debug.xcconfig"; path = "Target Support Files/Pods-vlcContributors/Pods-vlcContributors.debug.xcconfig"; sourceTree = "<group>"; };
		046FEC5327B050BC00024074 /* ContributorDetailVC.swift */ = {isa = PBXFileReference; lastKnownFileType = sourcecode.swift; path = ContributorDetailVC.swift; sourceTree = "<group>"; };
		046FEC5527B0511400024074 /* ContributorDetailVC.xib */ = {isa = PBXFileReference; lastKnownFileType = file.xib; path = ContributorDetailVC.xib; sourceTree = "<group>"; };
		046FEC5727B051DB00024074 /* ContributorDetailViewModel.swift */ = {isa = PBXFileReference; lastKnownFileType = sourcecode.swift; path = ContributorDetailViewModel.swift; sourceTree = "<group>"; };
		04CA8A4427A71C780088C177 /* vlcContributors.app */ = {isa = PBXFileReference; explicitFileType = wrapper.application; includeInIndex = 0; path = vlcContributors.app; sourceTree = BUILT_PRODUCTS_DIR; };
		04CA8A4727A71C780088C177 /* AppDelegate.swift */ = {isa = PBXFileReference; lastKnownFileType = sourcecode.swift; path = AppDelegate.swift; sourceTree = "<group>"; };
		04CA8A5027A71C7C0088C177 /* Assets.xcassets */ = {isa = PBXFileReference; lastKnownFileType = folder.assetcatalog; path = Assets.xcassets; sourceTree = "<group>"; };
		04CA8A5327A71C7C0088C177 /* Base */ = {isa = PBXFileReference; lastKnownFileType = file.storyboard; name = Base; path = Base.lproj/LaunchScreen.storyboard; sourceTree = "<group>"; };
		04CA8A5527A71C7C0088C177 /* Info.plist */ = {isa = PBXFileReference; lastKnownFileType = text.plist.xml; path = Info.plist; sourceTree = "<group>"; };
		04CA8A5D27A7216C0088C177 /* ContributorListVC.swift */ = {isa = PBXFileReference; lastKnownFileType = sourcecode.swift; path = ContributorListVC.swift; sourceTree = "<group>"; };
		04CA8A5F27A721920088C177 /* ContributorListVC.xib */ = {isa = PBXFileReference; lastKnownFileType = file.xib; path = ContributorListVC.xib; sourceTree = "<group>"; };
		04CA8A6727A7258D0088C177 /* ContributorService.swift */ = {isa = PBXFileReference; lastKnownFileType = sourcecode.swift; path = ContributorService.swift; sourceTree = "<group>"; };
		04CA8A6927A725D70088C177 /* NetworkProvider.swift */ = {isa = PBXFileReference; lastKnownFileType = sourcecode.swift; path = NetworkProvider.swift; sourceTree = "<group>"; };
		04CA8A6C27A726100088C177 /* Config+server.swift */ = {isa = PBXFileReference; lastKnownFileType = sourcecode.swift; path = "Config+server.swift"; sourceTree = "<group>"; };
		04CA8A7027A726B10088C177 /* ContributorManager.swift */ = {isa = PBXFileReference; lastKnownFileType = sourcecode.swift; path = ContributorManager.swift; sourceTree = "<group>"; };
		04CA8A7327A727970088C177 /* Contributor.swift */ = {isa = PBXFileReference; lastKnownFileType = sourcecode.swift; path = Contributor.swift; sourceTree = "<group>"; };
		04CA8A7627A72A0C0088C177 /* ContributorListViewModel.swift */ = {isa = PBXFileReference; lastKnownFileType = sourcecode.swift; path = ContributorListViewModel.swift; sourceTree = "<group>"; };
		04CA8A7927A72A440088C177 /* ContributorListCell.swift */ = {isa = PBXFileReference; lastKnownFileType = sourcecode.swift; path = ContributorListCell.swift; sourceTree = "<group>"; };
		04CA8A7B27A72A6D0088C177 /* ContributorListCell.xib */ = {isa = PBXFileReference; lastKnownFileType = file.xib; path = ContributorListCell.xib; sourceTree = "<group>"; };
		04CA8A7F27A72DBC0088C177 /* BaseTableViewCell.swift */ = {isa = PBXFileReference; lastKnownFileType = sourcecode.swift; path = BaseTableViewCell.swift; sourceTree = "<group>"; };
		04CA8A8227A72DE90088C177 /* NibLoadableViewProtocol.swift */ = {isa = PBXFileReference; lastKnownFileType = sourcecode.swift; path = NibLoadableViewProtocol.swift; sourceTree = "<group>"; };
		04CA8A8427A72E140088C177 /* ReusableViewProtocol.swift */ = {isa = PBXFileReference; lastKnownFileType = sourcecode.swift; path = ReusableViewProtocol.swift; sourceTree = "<group>"; };
		04CA8A8727A72F500088C177 /* UITableView+register.swift */ = {isa = PBXFileReference; lastKnownFileType = sourcecode.swift; path = "UITableView+register.swift"; sourceTree = "<group>"; };
		CC6967C4DFB9494D35AE1688 /* Pods_vlcContributors.framework */ = {isa = PBXFileReference; explicitFileType = wrapper.framework; includeInIndex = 0; path = Pods_vlcContributors.framework; sourceTree = BUILT_PRODUCTS_DIR; };
		E58BF31716C59089EC8A2D55 /* Pods-vlcContributors.release.xcconfig */ = {isa = PBXFileReference; includeInIndex = 1; lastKnownFileType = text.xcconfig; name = "Pods-vlcContributors.release.xcconfig"; path = "Target Support Files/Pods-vlcContributors/Pods-vlcContributors.release.xcconfig"; sourceTree = "<group>"; };
/* End PBXFileReference section */

/* Begin PBXFrameworksBuildPhase section */
		04CA8A4127A71C780088C177 /* Frameworks */ = {
			isa = PBXFrameworksBuildPhase;
			buildActionMask = 2147483647;
			files = (
				1F5E35E75A2F9FE0FA099A66 /* Pods_vlcContributors.framework in Frameworks */,
			);
			runOnlyForDeploymentPostprocessing = 0;
		};
/* End PBXFrameworksBuildPhase section */

/* Begin PBXGroup section */
		046FEC5227B0509D00024074 /* ContributorDetail */ = {
			isa = PBXGroup;
			children = (
				046FEC5927B0525500024074 /* ViewModel */,
				046FEC5327B050BC00024074 /* ContributorDetailVC.swift */,
				046FEC5527B0511400024074 /* ContributorDetailVC.xib */,
			);
			path = ContributorDetail;
			sourceTree = "<group>";
		};
		046FEC5927B0525500024074 /* ViewModel */ = {
			isa = PBXGroup;
			children = (
				046FEC5727B051DB00024074 /* ContributorDetailViewModel.swift */,
			);
			path = ViewModel;
			sourceTree = "<group>";
		};
		04CA8A3B27A71C780088C177 = {
			isa = PBXGroup;
			children = (
				04CA8A4627A71C780088C177 /* vlcContributors */,
				04CA8A4527A71C780088C177 /* Products */,
				BDCB5FA3884B16B502BDA771 /* Pods */,
				727F56E89BFEC8078860789E /* Frameworks */,
			);
			sourceTree = "<group>";
		};
		04CA8A4527A71C780088C177 /* Products */ = {
			isa = PBXGroup;
			children = (
				04CA8A4427A71C780088C177 /* vlcContributors.app */,
			);
			name = Products;
			sourceTree = "<group>";
		};
		04CA8A4627A71C780088C177 /* vlcContributors */ = {
			isa = PBXGroup;
			children = (
				04CA8A4727A71C780088C177 /* AppDelegate.swift */,
				04CA8A6427A7254C0088C177 /* Classes */,
				04CA8A6B27A725EC0088C177 /* Config */,
				04CA8A5B27A721330088C177 /* Controllers */,
				04CA8A6227A721C70088C177 /* Images */,
				04CA8A5527A71C7C0088C177 /* Info.plist */,
				04CA8A6127A721B80088C177 /* Storyboards */,
			);
			path = vlcContributors;
			sourceTree = "<group>";
		};
		04CA8A5B27A721330088C177 /* Controllers */ = {
			isa = PBXGroup;
			children = (
				046FEC5227B0509D00024074 /* ContributorDetail */,
				04CA8A5C27A721400088C177 /* ContributorList */,
			);
			path = Controllers;
			sourceTree = "<group>";
		};
		04CA8A5C27A721400088C177 /* ContributorList */ = {
			isa = PBXGroup;
			children = (
				04CA8A7827A72A290088C177 /* Cells */,
				04CA8A7527A729F00088C177 /* ViewModel */,
				04CA8A5D27A7216C0088C177 /* ContributorListVC.swift */,
				04CA8A5F27A721920088C177 /* ContributorListVC.xib */,
			);
			path = ContributorList;
			sourceTree = "<group>";
		};
		04CA8A6127A721B80088C177 /* Storyboards */ = {
			isa = PBXGroup;
			children = (
				04CA8A5227A71C7C0088C177 /* LaunchScreen.storyboard */,
			);
			path = Storyboards;
			sourceTree = "<group>";
		};
		04CA8A6227A721C70088C177 /* Images */ = {
			isa = PBXGroup;
			children = (
				04CA8A5027A71C7C0088C177 /* Assets.xcassets */,
			);
			path = Images;
			sourceTree = "<group>";
		};
		04CA8A6427A7254C0088C177 /* Classes */ = {
			isa = PBXGroup;
			children = (
				04CA8A7D27A72D880088C177 /* Base */,
				04CA8A8627A72F280088C177 /* Extensions */,
				04CA8A6527A725540088C177 /* Networking */,
				04CA8A8127A72DD20088C177 /* Protocols */,
			);
			path = Classes;
			sourceTree = "<group>";
		};
		04CA8A6527A725540088C177 /* Networking */ = {
			isa = PBXGroup;
			children = (
				04CA8A6F27A726940088C177 /* Managers */,
				04CA8A7227A727330088C177 /* Models */,
				04CA8A6E27A726310088C177 /* Provider */,
				04CA8A6627A725690088C177 /* Services */,
			);
			path = Networking;
			sourceTree = "<group>";
		};
		04CA8A6627A725690088C177 /* Services */ = {
			isa = PBXGroup;
			children = (
				04CA8A6727A7258D0088C177 /* ContributorService.swift */,
			);
			path = Services;
			sourceTree = "<group>";
		};
		04CA8A6B27A725EC0088C177 /* Config */ = {
			isa = PBXGroup;
			children = (
				04CA8A6C27A726100088C177 /* Config+server.swift */,
			);
			path = Config;
			sourceTree = "<group>";
		};
		04CA8A6E27A726310088C177 /* Provider */ = {
			isa = PBXGroup;
			children = (
				04CA8A6927A725D70088C177 /* NetworkProvider.swift */,
			);
			path = Provider;
			sourceTree = "<group>";
		};
		04CA8A6F27A726940088C177 /* Managers */ = {
			isa = PBXGroup;
			children = (
				04CA8A7027A726B10088C177 /* ContributorManager.swift */,
			);
			path = Managers;
			sourceTree = "<group>";
		};
		04CA8A7227A727330088C177 /* Models */ = {
			isa = PBXGroup;
			children = (
				04CA8A7327A727970088C177 /* Contributor.swift */,
			);
			path = Models;
			sourceTree = "<group>";
		};
		04CA8A7527A729F00088C177 /* ViewModel */ = {
			isa = PBXGroup;
			children = (
				04CA8A7627A72A0C0088C177 /* ContributorListViewModel.swift */,
			);
			path = ViewModel;
			sourceTree = "<group>";
		};
		04CA8A7827A72A290088C177 /* Cells */ = {
			isa = PBXGroup;
			children = (
				04CA8A7927A72A440088C177 /* ContributorListCell.swift */,
				04CA8A7B27A72A6D0088C177 /* ContributorListCell.xib */,
			);
			path = Cells;
			sourceTree = "<group>";
		};
		04CA8A7D27A72D880088C177 /* Base */ = {
			isa = PBXGroup;
			children = (
				04CA8A7E27A72D9E0088C177 /* Cell */,
			);
			path = Base;
			sourceTree = "<group>";
		};
		04CA8A7E27A72D9E0088C177 /* Cell */ = {
			isa = PBXGroup;
			children = (
				04CA8A7F27A72DBC0088C177 /* BaseTableViewCell.swift */,
			);
			path = Cell;
			sourceTree = "<group>";
		};
		04CA8A8127A72DD20088C177 /* Protocols */ = {
			isa = PBXGroup;
			children = (
				04CA8A8227A72DE90088C177 /* NibLoadableViewProtocol.swift */,
				04CA8A8427A72E140088C177 /* ReusableViewProtocol.swift */,
			);
			path = Protocols;
			sourceTree = "<group>";
		};
		04CA8A8627A72F280088C177 /* Extensions */ = {
			isa = PBXGroup;
			children = (
				04CA8A8727A72F500088C177 /* UITableView+register.swift */,
			);
			path = Extensions;
			sourceTree = "<group>";
		};
		727F56E89BFEC8078860789E /* Frameworks */ = {
			isa = PBXGroup;
			children = (
				CC6967C4DFB9494D35AE1688 /* Pods_vlcContributors.framework */,
			);
			name = Frameworks;
			sourceTree = "<group>";
		};
		BDCB5FA3884B16B502BDA771 /* Pods */ = {
			isa = PBXGroup;
			children = (
				0290F442D60D206EF8C4115B /* Pods-vlcContributors.debug.xcconfig */,
				E58BF31716C59089EC8A2D55 /* Pods-vlcContributors.release.xcconfig */,
			);
			path = Pods;
			sourceTree = "<group>";
		};
/* End PBXGroup section */

/* Begin PBXNativeTarget section */
		04CA8A4327A71C780088C177 /* vlcContributors */ = {
			isa = PBXNativeTarget;
			buildConfigurationList = 04CA8A5827A71C7C0088C177 /* Build configuration list for PBXNativeTarget "vlcContributors" */;
			buildPhases = (
				3C2C0E05A748B3B59812691F /* [CP] Check Pods Manifest.lock */,
				04CA8A4027A71C780088C177 /* Sources */,
				04CA8A4127A71C780088C177 /* Frameworks */,
				04CA8A4227A71C780088C177 /* Resources */,
				6107578F9B5ED58F96515E47 /* [CP] Embed Pods Frameworks */,
			);
			buildRules = (
			);
			dependencies = (
			);
			name = vlcContributors;
			productName = vlcContributors;
			productReference = 04CA8A4427A71C780088C177 /* vlcContributors.app */;
			productType = "com.apple.product-type.application";
		};
/* End PBXNativeTarget section */

/* Begin PBXProject section */
		04CA8A3C27A71C780088C177 /* Project object */ = {
			isa = PBXProject;
			attributes = {
				BuildIndependentTargetsInParallel = 1;
				LastSwiftUpdateCheck = 1300;
				LastUpgradeCheck = 1300;
				TargetAttributes = {
					04CA8A4327A71C780088C177 = {
						CreatedOnToolsVersion = 13.0;
					};
				};
			};
			buildConfigurationList = 04CA8A3F27A71C780088C177 /* Build configuration list for PBXProject "vlcContributors" */;
			compatibilityVersion = "Xcode 13.0";
			developmentRegion = en;
			hasScannedForEncodings = 0;
			knownRegions = (
				en,
				Base,
			);
			mainGroup = 04CA8A3B27A71C780088C177;
			productRefGroup = 04CA8A4527A71C780088C177 /* Products */;
			projectDirPath = "";
			projectRoot = "";
			targets = (
				04CA8A4327A71C780088C177 /* vlcContributors */,
			);
		};
/* End PBXProject section */

/* Begin PBXResourcesBuildPhase section */
		04CA8A4227A71C780088C177 /* Resources */ = {
			isa = PBXResourcesBuildPhase;
			buildActionMask = 2147483647;
			files = (
				04CA8A5427A71C7C0088C177 /* LaunchScreen.storyboard in Resources */,
				04CA8A5127A71C7C0088C177 /* Assets.xcassets in Resources */,
				04CA8A6027A721920088C177 /* ContributorListVC.xib in Resources */,
				04CA8A7C27A72A6D0088C177 /* ContributorListCell.xib in Resources */,
				046FEC5627B0511400024074 /* ContributorDetailVC.xib in Resources */,
			);
			runOnlyForDeploymentPostprocessing = 0;
		};
/* End PBXResourcesBuildPhase section */

/* Begin PBXShellScriptBuildPhase section */
		3C2C0E05A748B3B59812691F /* [CP] Check Pods Manifest.lock */ = {
			isa = PBXShellScriptBuildPhase;
			buildActionMask = 2147483647;
			files = (
			);
			inputFileListPaths = (
			);
			inputPaths = (
				"${PODS_PODFILE_DIR_PATH}/Podfile.lock",
				"${PODS_ROOT}/Manifest.lock",
			);
			name = "[CP] Check Pods Manifest.lock";
			outputFileListPaths = (
			);
			outputPaths = (
				"$(DERIVED_FILE_DIR)/Pods-vlcContributors-checkManifestLockResult.txt",
			);
			runOnlyForDeploymentPostprocessing = 0;
			shellPath = /bin/sh;
			shellScript = "diff \"${PODS_PODFILE_DIR_PATH}/Podfile.lock\" \"${PODS_ROOT}/Manifest.lock\" > /dev/null\nif [ $? != 0 ] ; then\n    # print error to STDERR\n    echo \"error: The sandbox is not in sync with the Podfile.lock. Run 'pod install' or update your CocoaPods installation.\" >&2\n    exit 1\nfi\n# This output is used by Xcode 'outputs' to avoid re-running this script phase.\necho \"SUCCESS\" > \"${SCRIPT_OUTPUT_FILE_0}\"\n";
			showEnvVarsInLog = 0;
		};
		6107578F9B5ED58F96515E47 /* [CP] Embed Pods Frameworks */ = {
			isa = PBXShellScriptBuildPhase;
			buildActionMask = 2147483647;
			files = (
			);
			inputFileListPaths = (
				"${PODS_ROOT}/Target Support Files/Pods-vlcContributors/Pods-vlcContributors-frameworks-${CONFIGURATION}-input-files.xcfilelist",
			);
			name = "[CP] Embed Pods Frameworks";
			outputFileListPaths = (
				"${PODS_ROOT}/Target Support Files/Pods-vlcContributors/Pods-vlcContributors-frameworks-${CONFIGURATION}-output-files.xcfilelist",
			);
			runOnlyForDeploymentPostprocessing = 0;
			shellPath = /bin/sh;
			shellScript = "\"${PODS_ROOT}/Target Support Files/Pods-vlcContributors/Pods-vlcContributors-frameworks.sh\"\n";
			showEnvVarsInLog = 0;
		};
/* End PBXShellScriptBuildPhase section */

/* Begin PBXSourcesBuildPhase section */
		04CA8A4027A71C780088C177 /* Sources */ = {
			isa = PBXSourcesBuildPhase;
			buildActionMask = 2147483647;
			files = (
				04CA8A6827A7258D0088C177 /* ContributorService.swift in Sources */,
				04CA8A6A27A725D70088C177 /* NetworkProvider.swift in Sources */,
				04CA8A7A27A72A440088C177 /* ContributorListCell.swift in Sources */,
				046FEC5827B051DB00024074 /* ContributorDetailViewModel.swift in Sources */,
				04CA8A7427A727970088C177 /* Contributor.swift in Sources */,
				04CA8A4827A71C780088C177 /* AppDelegate.swift in Sources */,
				046FEC5427B050BC00024074 /* ContributorDetailVC.swift in Sources */,
				04CA8A8527A72E140088C177 /* ReusableViewProtocol.swift in Sources */,
				04CA8A7727A72A0C0088C177 /* ContributorListViewModel.swift in Sources */,
				04CA8A8327A72DE90088C177 /* NibLoadableViewProtocol.swift in Sources */,
				04CA8A5E27A7216C0088C177 /* ContributorListVC.swift in Sources */,
				04CA8A6D27A726100088C177 /* Config+server.swift in Sources */,
				04CA8A8827A72F500088C177 /* UITableView+register.swift in Sources */,
				04CA8A8027A72DBC0088C177 /* BaseTableViewCell.swift in Sources */,
				04CA8A7127A726B10088C177 /* ContributorManager.swift in Sources */,
			);
			runOnlyForDeploymentPostprocessing = 0;
		};
/* End PBXSourcesBuildPhase section */

/* Begin PBXVariantGroup section */
		04CA8A5227A71C7C0088C177 /* LaunchScreen.storyboard */ = {
			isa = PBXVariantGroup;
			children = (
				04CA8A5327A71C7C0088C177 /* Base */,
			);
			name = LaunchScreen.storyboard;
			sourceTree = "<group>";
		};
/* End PBXVariantGroup section */

/* Begin XCBuildConfiguration section */
		04CA8A5627A71C7C0088C177 /* Debug */ = {
			isa = XCBuildConfiguration;
			buildSettings = {
				ALWAYS_SEARCH_USER_PATHS = NO;
				CLANG_ANALYZER_NONNULL = YES;
				CLANG_ANALYZER_NUMBER_OBJECT_CONVERSION = YES_AGGRESSIVE;
				CLANG_CXX_LANGUAGE_STANDARD = "gnu++17";
				CLANG_CXX_LIBRARY = "libc++";
				CLANG_ENABLE_MODULES = YES;
				CLANG_ENABLE_OBJC_ARC = YES;
				CLANG_ENABLE_OBJC_WEAK = YES;
				CLANG_WARN_BLOCK_CAPTURE_AUTORELEASING = YES;
				CLANG_WARN_BOOL_CONVERSION = YES;
				CLANG_WARN_COMMA = YES;
				CLANG_WARN_CONSTANT_CONVERSION = YES;
				CLANG_WARN_DEPRECATED_OBJC_IMPLEMENTATIONS = YES;
				CLANG_WARN_DIRECT_OBJC_ISA_USAGE = YES_ERROR;
				CLANG_WARN_DOCUMENTATION_COMMENTS = YES;
				CLANG_WARN_EMPTY_BODY = YES;
				CLANG_WARN_ENUM_CONVERSION = YES;
				CLANG_WARN_INFINITE_RECURSION = YES;
				CLANG_WARN_INT_CONVERSION = YES;
				CLANG_WARN_NON_LITERAL_NULL_CONVERSION = YES;
				CLANG_WARN_OBJC_IMPLICIT_RETAIN_SELF = YES;
				CLANG_WARN_OBJC_LITERAL_CONVERSION = YES;
				CLANG_WARN_OBJC_ROOT_CLASS = YES_ERROR;
				CLANG_WARN_QUOTED_INCLUDE_IN_FRAMEWORK_HEADER = YES;
				CLANG_WARN_RANGE_LOOP_ANALYSIS = YES;
				CLANG_WARN_STRICT_PROTOTYPES = YES;
				CLANG_WARN_SUSPICIOUS_MOVE = YES;
				CLANG_WARN_UNGUARDED_AVAILABILITY = YES_AGGRESSIVE;
				CLANG_WARN_UNREACHABLE_CODE = YES;
				CLANG_WARN__DUPLICATE_METHOD_MATCH = YES;
				COPY_PHASE_STRIP = NO;
				DEBUG_INFORMATION_FORMAT = dwarf;
				ENABLE_STRICT_OBJC_MSGSEND = YES;
				ENABLE_TESTABILITY = YES;
				GCC_C_LANGUAGE_STANDARD = gnu11;
				GCC_DYNAMIC_NO_PIC = NO;
				GCC_NO_COMMON_BLOCKS = YES;
				GCC_OPTIMIZATION_LEVEL = 0;
				GCC_PREPROCESSOR_DEFINITIONS = (
					"DEBUG=1",
					"$(inherited)",
				);
				GCC_WARN_64_TO_32_BIT_CONVERSION = YES;
				GCC_WARN_ABOUT_RETURN_TYPE = YES_ERROR;
				GCC_WARN_UNDECLARED_SELECTOR = YES;
				GCC_WARN_UNINITIALIZED_AUTOS = YES_AGGRESSIVE;
				GCC_WARN_UNUSED_FUNCTION = YES;
				GCC_WARN_UNUSED_VARIABLE = YES;
				IPHONEOS_DEPLOYMENT_TARGET = 15.0;
				MTL_ENABLE_DEBUG_INFO = INCLUDE_SOURCE;
				MTL_FAST_MATH = YES;
				ONLY_ACTIVE_ARCH = YES;
				SDKROOT = iphoneos;
				SWIFT_ACTIVE_COMPILATION_CONDITIONS = DEBUG;
				SWIFT_OPTIMIZATION_LEVEL = "-Onone";
			};
			name = Debug;
		};
		04CA8A5727A71C7C0088C177 /* Release */ = {
			isa = XCBuildConfiguration;
			buildSettings = {
				ALWAYS_SEARCH_USER_PATHS = NO;
				CLANG_ANALYZER_NONNULL = YES;
				CLANG_ANALYZER_NUMBER_OBJECT_CONVERSION = YES_AGGRESSIVE;
				CLANG_CXX_LANGUAGE_STANDARD = "gnu++17";
				CLANG_CXX_LIBRARY = "libc++";
				CLANG_ENABLE_MODULES = YES;
				CLANG_ENABLE_OBJC_ARC = YES;
				CLANG_ENABLE_OBJC_WEAK = YES;
				CLANG_WARN_BLOCK_CAPTURE_AUTORELEASING = YES;
				CLANG_WARN_BOOL_CONVERSION = YES;
				CLANG_WARN_COMMA = YES;
				CLANG_WARN_CONSTANT_CONVERSION = YES;
				CLANG_WARN_DEPRECATED_OBJC_IMPLEMENTATIONS = YES;
				CLANG_WARN_DIRECT_OBJC_ISA_USAGE = YES_ERROR;
				CLANG_WARN_DOCUMENTATION_COMMENTS = YES;
				CLANG_WARN_EMPTY_BODY = YES;
				CLANG_WARN_ENUM_CONVERSION = YES;
				CLANG_WARN_INFINITE_RECURSION = YES;
				CLANG_WARN_INT_CONVERSION = YES;
				CLANG_WARN_NON_LITERAL_NULL_CONVERSION = YES;
				CLANG_WARN_OBJC_IMPLICIT_RETAIN_SELF = YES;
				CLANG_WARN_OBJC_LITERAL_CONVERSION = YES;
				CLANG_WARN_OBJC_ROOT_CLASS = YES_ERROR;
				CLANG_WARN_QUOTED_INCLUDE_IN_FRAMEWORK_HEADER = YES;
				CLANG_WARN_RANGE_LOOP_ANALYSIS = YES;
				CLANG_WARN_STRICT_PROTOTYPES = YES;
				CLANG_WARN_SUSPICIOUS_MOVE = YES;
				CLANG_WARN_UNGUARDED_AVAILABILITY = YES_AGGRESSIVE;
				CLANG_WARN_UNREACHABLE_CODE = YES;
				CLANG_WARN__DUPLICATE_METHOD_MATCH = YES;
				COPY_PHASE_STRIP = NO;
				DEBUG_INFORMATION_FORMAT = "dwarf-with-dsym";
				ENABLE_NS_ASSERTIONS = NO;
				ENABLE_STRICT_OBJC_MSGSEND = YES;
				GCC_C_LANGUAGE_STANDARD = gnu11;
				GCC_NO_COMMON_BLOCKS = YES;
				GCC_WARN_64_TO_32_BIT_CONVERSION = YES;
				GCC_WARN_ABOUT_RETURN_TYPE = YES_ERROR;
				GCC_WARN_UNDECLARED_SELECTOR = YES;
				GCC_WARN_UNINITIALIZED_AUTOS = YES_AGGRESSIVE;
				GCC_WARN_UNUSED_FUNCTION = YES;
				GCC_WARN_UNUSED_VARIABLE = YES;
				IPHONEOS_DEPLOYMENT_TARGET = 15.0;
				MTL_ENABLE_DEBUG_INFO = NO;
				MTL_FAST_MATH = YES;
				SDKROOT = iphoneos;
				SWIFT_COMPILATION_MODE = wholemodule;
				SWIFT_OPTIMIZATION_LEVEL = "-O";
				VALIDATE_PRODUCT = YES;
			};
			name = Release;
		};
		04CA8A5927A71C7C0088C177 /* Debug */ = {
			isa = XCBuildConfiguration;
			baseConfigurationReference = 0290F442D60D206EF8C4115B /* Pods-vlcContributors.debug.xcconfig */;
			buildSettings = {
				ASSETCATALOG_COMPILER_APPICON_NAME = AppIcon;
				ASSETCATALOG_COMPILER_GLOBAL_ACCENT_COLOR_NAME = AccentColor;
				CODE_SIGN_STYLE = Automatic;
				CURRENT_PROJECT_VERSION = 1;
				GENERATE_INFOPLIST_FILE = YES;
				INFOPLIST_FILE = vlcContributors/Info.plist;
				INFOPLIST_KEY_UIApplicationSupportsIndirectInputEvents = YES;
				INFOPLIST_KEY_UILaunchStoryboardName = LaunchScreen;
				INFOPLIST_KEY_UISupportedInterfaceOrientations_iPad = "UIInterfaceOrientationPortrait UIInterfaceOrientationPortraitUpsideDown UIInterfaceOrientationLandscapeLeft UIInterfaceOrientationLandscapeRight";
				INFOPLIST_KEY_UISupportedInterfaceOrientations_iPhone = "UIInterfaceOrientationPortrait UIInterfaceOrientationLandscapeLeft UIInterfaceOrientationLandscapeRight";
				IPHONEOS_DEPLOYMENT_TARGET = 13.0;
				LD_RUNPATH_SEARCH_PATHS = (
					"$(inherited)",
					"@executable_path/Frameworks",
				);
				MARKETING_VERSION = 1.0;
				PRODUCT_BUNDLE_IDENTIFIER = test.work.vlcContributors;
				PRODUCT_NAME = "$(TARGET_NAME)";
				SWIFT_EMIT_LOC_STRINGS = YES;
				SWIFT_VERSION = 5.0;
				TARGETED_DEVICE_FAMILY = 1;
			};
			name = Debug;
		};
		04CA8A5A27A71C7C0088C177 /* Release */ = {
			isa = XCBuildConfiguration;
			baseConfigurationReference = E58BF31716C59089EC8A2D55 /* Pods-vlcContributors.release.xcconfig */;
			buildSettings = {
				ASSETCATALOG_COMPILER_APPICON_NAME = AppIcon;
				ASSETCATALOG_COMPILER_GLOBAL_ACCENT_COLOR_NAME = AccentColor;
				CODE_SIGN_STYLE = Automatic;
				CURRENT_PROJECT_VERSION = 1;
				GENERATE_INFOPLIST_FILE = YES;
				INFOPLIST_FILE = vlcContributors/Info.plist;
				INFOPLIST_KEY_UIApplicationSupportsIndirectInputEvents = YES;
				INFOPLIST_KEY_UILaunchStoryboardName = LaunchScreen;
				INFOPLIST_KEY_UISupportedInterfaceOrientations_iPad = "UIInterfaceOrientationPortrait UIInterfaceOrientationPortraitUpsideDown UIInterfaceOrientationLandscapeLeft UIInterfaceOrientationLandscapeRight";
				INFOPLIST_KEY_UISupportedInterfaceOrientations_iPhone = "UIInterfaceOrientationPortrait UIInterfaceOrientationLandscapeLeft UIInterfaceOrientationLandscapeRight";
				IPHONEOS_DEPLOYMENT_TARGET = 13.0;
				LD_RUNPATH_SEARCH_PATHS = (
					"$(inherited)",
					"@executable_path/Frameworks",
				);
				MARKETING_VERSION = 1.0;
				PRODUCT_BUNDLE_IDENTIFIER = test.work.vlcContributors;
				PRODUCT_NAME = "$(TARGET_NAME)";
				SWIFT_EMIT_LOC_STRINGS = YES;
				SWIFT_VERSION = 5.0;
				TARGETED_DEVICE_FAMILY = 1;
			};
			name = Release;
		};
/* End XCBuildConfiguration section */

/* Begin XCConfigurationList section */
		04CA8A3F27A71C780088C177 /* Build configuration list for PBXProject "vlcContributors" */ = {
			isa = XCConfigurationList;
			buildConfigurations = (
				04CA8A5627A71C7C0088C177 /* Debug */,
				04CA8A5727A71C7C0088C177 /* Release */,
			);
			defaultConfigurationIsVisible = 0;
			defaultConfigurationName = Release;
		};
		04CA8A5827A71C7C0088C177 /* Build configuration list for PBXNativeTarget "vlcContributors" */ = {
			isa = XCConfigurationList;
			buildConfigurations = (
				04CA8A5927A71C7C0088C177 /* Debug */,
				04CA8A5A27A71C7C0088C177 /* Release */,
			);
			defaultConfigurationIsVisible = 0;
			defaultConfigurationName = Release;
		};
/* End XCConfigurationList section */
	};
	rootObject = 04CA8A3C27A71C780088C177 /* Project object */;
}
